
Microsoft Visual Studio Solution File, Format Version 12.00
# Visual Studio Version 17
VisualStudioVersion = 17.5.33209.295
MinimumVisualStudioVersion = 10.0.40219.1
Project("{2150E333-8FDC-42A3-9474-1A3956D46DE8}") = "src", "src", "{9FE8806E-1A85-4E12-941D-849794F35A71}"
EndProject
Project("{2150E333-8FDC-42A3-9474-1A3956D46DE8}") = "CorePackages", "CorePackages", "{7517E684-BF72-404C-B75E-9A750D6F87BC}"
EndProject
Project("{9A19103F-16F7-4668-BE54-9A1E7A4F7556}") = "Core.Persistence", "src\CorePackages\Core.Persistence\Core.Persistence.csproj", "{8F19D45E-935D-46A9-BE20-35958226BB66}"
EndProject
Project("{2150E333-8FDC-42A3-9474-1A3956D46DE8}") = "RentACar", "RentACar", "{61D9A38A-7AB6-47B7-AE2C-62EDAEF0E45A}"
EndProject
Project("{9A19103F-16F7-4668-BE54-9A1E7A4F7556}") = "Application", "src\RentACar\Application\Application.csproj", "{0E3AEDD4-18D4-4857-B060-DBD9CE93D5D1}"
EndProject
Project("{9A19103F-16F7-4668-BE54-9A1E7A4F7556}") = "Domain", "src\RentACar\Domain\Domain.csproj", "{E76BEE94-1FFE-41C3-953E-F74635E37813}"
EndProject
Project("{9A19103F-16F7-4668-BE54-9A1E7A4F7556}") = "Infrastructure", "src\RentACar\Infrastructure\Infrastructure.csproj", "{528C5A9F-30BD-4F0C-B8E4-D87F83098DC6}"
EndProject
Project("{9A19103F-16F7-4668-BE54-9A1E7A4F7556}") = "Persistence", "src\RentACar\Persistence\Persistence.csproj", "{70ADC36E-656E-4E5F-9EF4-EBD061C9E3A5}"
EndProject
Project("{9A19103F-16F7-4668-BE54-9A1E7A4F7556}") = "WebAPI", "src\RentACar\WebAPI\WebAPI.csproj", "{8679FB97-D9B7-4968-8E26-142050D2D8D3}"
EndProject
Project("{FAE04EC0-301F-11D3-BF4B-00C04F79EFBC}") = "Core.Application", "src\CorePackages\Core.Application\Core.Application.csproj", "{35143353-E965-45B9-B568-207A8DE345E9}"
EndProject
Project("{FAE04EC0-301F-11D3-BF4B-00C04F79EFBC}") = "Core.CrossCuttingConcerns", "src\CorePackages\Core.CrossCuttingConcerns\Core.CrossCuttingConcerns.csproj", "{3260F335-65ED-4EDF-8503-F1D66DCF3FA7}"
EndProject
Project("{FAE04EC0-301F-11D3-BF4B-00C04F79EFBC}") = "Core.ElasticSearch", "src\CorePackages\Core.ElasticSearch\Core.ElasticSearch.csproj", "{FE6F02E6-0352-4350-AC9A-13AA2279AB04}"
EndProject
Project("{FAE04EC0-301F-11D3-BF4B-00C04F79EFBC}") = "Core.Mailing", "src\CorePackages\Core.Mailing\Core.Mailing.csproj", "{4E630B08-F9AC-4EA9-96CB-04E6440570A4}"
EndProject
Project("{FAE04EC0-301F-11D3-BF4B-00C04F79EFBC}") = "Core.Security", "src\CorePackages\Core.Security\Core.Security.csproj", "{219737B7-A6E6-4383-8FFA-D3217BC5F9EF}"
EndProject
Global
	GlobalSection(SolutionConfigurationPlatforms) = preSolution
		Debug|Any CPU = Debug|Any CPU
		Release|Any CPU = Release|Any CPU
	EndGlobalSection
	GlobalSection(ProjectConfigurationPlatforms) = postSolution
		{8F19D45E-935D-46A9-BE20-35958226BB66}.Debug|Any CPU.ActiveCfg = Debug|Any CPU
		{8F19D45E-935D-46A9-BE20-35958226BB66}.Debug|Any CPU.Build.0 = Debug|Any CPU
		{8F19D45E-935D-46A9-BE20-35958226BB66}.Release|Any CPU.ActiveCfg = Release|Any CPU
		{8F19D45E-935D-46A9-BE20-35958226BB66}.Release|Any CPU.Build.0 = Release|Any CPU
		{0E3AEDD4-18D4-4857-B060-DBD9CE93D5D1}.Debug|Any CPU.ActiveCfg = Debug|Any CPU
		{0E3AEDD4-18D4-4857-B060-DBD9CE93D5D1}.Debug|Any CPU.Build.0 = Debug|Any CPU
		{0E3AEDD4-18D4-4857-B060-DBD9CE93D5D1}.Release|Any CPU.ActiveCfg = Release|Any CPU
		{0E3AEDD4-18D4-4857-B060-DBD9CE93D5D1}.Release|Any CPU.Build.0 = Release|Any CPU
		{E76BEE94-1FFE-41C3-953E-F74635E37813}.Debug|Any CPU.ActiveCfg = Debug|Any CPU
		{E76BEE94-1FFE-41C3-953E-F74635E37813}.Debug|Any CPU.Build.0 = Debug|Any CPU
		{E76BEE94-1FFE-41C3-953E-F74635E37813}.Release|Any CPU.ActiveCfg = Release|Any CPU
		{E76BEE94-1FFE-41C3-953E-F74635E37813}.Release|Any CPU.Build.0 = Release|Any CPU
		{528C5A9F-30BD-4F0C-B8E4-D87F83098DC6}.Debug|Any CPU.ActiveCfg = Debug|Any CPU
		{528C5A9F-30BD-4F0C-B8E4-D87F83098DC6}.Debug|Any CPU.Build.0 = Debug|Any CPU
		{528C5A9F-30BD-4F0C-B8E4-D87F83098DC6}.Release|Any CPU.ActiveCfg = Release|Any CPU
		{528C5A9F-30BD-4F0C-B8E4-D87F83098DC6}.Release|Any CPU.Build.0 = Release|Any CPU
		{70ADC36E-656E-4E5F-9EF4-EBD061C9E3A5}.Debug|Any CPU.ActiveCfg = Debug|Any CPU
		{70ADC36E-656E-4E5F-9EF4-EBD061C9E3A5}.Debug|Any CPU.Build.0 = Debug|Any CPU
		{70ADC36E-656E-4E5F-9EF4-EBD061C9E3A5}.Release|Any CPU.ActiveCfg = Release|Any CPU
		{70ADC36E-656E-4E5F-9EF4-EBD061C9E3A5}.Release|Any CPU.Build.0 = Release|Any CPU
		{8679FB97-D9B7-4968-8E26-142050D2D8D3}.Debug|Any CPU.ActiveCfg = Debug|Any CPU
		{8679FB97-D9B7-4968-8E26-142050D2D8D3}.Debug|Any CPU.Build.0 = Debug|Any CPU
		{8679FB97-D9B7-4968-8E26-142050D2D8D3}.Release|Any CPU.ActiveCfg = Release|Any CPU
		{8679FB97-D9B7-4968-8E26-142050D2D8D3}.Release|Any CPU.Build.0 = Release|Any CPU
		{35143353-E965-45B9-B568-207A8DE345E9}.Debug|Any CPU.ActiveCfg = Debug|Any CPU
		{35143353-E965-45B9-B568-207A8DE345E9}.Debug|Any CPU.Build.0 = Debug|Any CPU
		{35143353-E965-45B9-B568-207A8DE345E9}.Release|Any CPU.ActiveCfg = Release|Any CPU
		{35143353-E965-45B9-B568-207A8DE345E9}.Release|Any CPU.Build.0 = Release|Any CPU
		{3260F335-65ED-4EDF-8503-F1D66DCF3FA7}.Debug|Any CPU.ActiveCfg = Debug|Any CPU
		{3260F335-65ED-4EDF-8503-F1D66DCF3FA7}.Debug|Any CPU.Build.0 = Debug|Any CPU
		{3260F335-65ED-4EDF-8503-F1D66DCF3FA7}.Release|Any CPU.ActiveCfg = Release|Any CPU
		{3260F335-65ED-4EDF-8503-F1D66DCF3FA7}.Release|Any CPU.Build.0 = Release|Any CPU
		{FE6F02E6-0352-4350-AC9A-13AA2279AB04}.Debug|Any CPU.ActiveCfg = Debug|Any CPU
		{FE6F02E6-0352-4350-AC9A-13AA2279AB04}.Debug|Any CPU.Build.0 = Debug|Any CPU
		{FE6F02E6-0352-4350-AC9A-13AA2279AB04}.Release|Any CPU.ActiveCfg = Release|Any CPU
		{FE6F02E6-0352-4350-AC9A-13AA2279AB04}.Release|Any CPU.Build.0 = Release|Any CPU
		{4E630B08-F9AC-4EA9-96CB-04E6440570A4}.Debug|Any CPU.ActiveCfg = Debug|Any CPU
		{4E630B08-F9AC-4EA9-96CB-04E6440570A4}.Debug|Any CPU.Build.0 = Debug|Any CPU
		{4E630B08-F9AC-4EA9-96CB-04E6440570A4}.Release|Any CPU.ActiveCfg = Release|Any CPU
		{4E630B08-F9AC-4EA9-96CB-04E6440570A4}.Release|Any CPU.Build.0 = Release|Any CPU
		{219737B7-A6E6-4383-8FFA-D3217BC5F9EF}.Debug|Any CPU.ActiveCfg = Debug|Any CPU
		{219737B7-A6E6-4383-8FFA-D3217BC5F9EF}.Debug|Any CPU.Build.0 = Debug|Any CPU
		{219737B7-A6E6-4383-8FFA-D3217BC5F9EF}.Release|Any CPU.ActiveCfg = Release|Any CPU
		{219737B7-A6E6-4383-8FFA-D3217BC5F9EF}.Release|Any CPU.Build.0 = Release|Any CPU
	EndGlobalSection
	GlobalSection(SolutionProperties) = preSolution
		HideSolutionNode = FALSE
	EndGlobalSection
	GlobalSection(NestedProjects) = preSolution
		{7517E684-BF72-404C-B75E-9A750D6F87BC} = {9FE8806E-1A85-4E12-941D-849794F35A71}
		{8F19D45E-935D-46A9-BE20-35958226BB66} = {7517E684-BF72-404C-B75E-9A750D6F87BC}
		{61D9A38A-7AB6-47B7-AE2C-62EDAEF0E45A} = {9FE8806E-1A85-4E12-941D-849794F35A71}
		{0E3AEDD4-18D4-4857-B060-DBD9CE93D5D1} = {61D9A38A-7AB6-47B7-AE2C-62EDAEF0E45A}
		{E76BEE94-1FFE-41C3-953E-F74635E37813} = {61D9A38A-7AB6-47B7-AE2C-62EDAEF0E45A}
		{528C5A9F-30BD-4F0C-B8E4-D87F83098DC6} = {61D9A38A-7AB6-47B7-AE2C-62EDAEF0E45A}
		{70ADC36E-656E-4E5F-9EF4-EBD061C9E3A5} = {61D9A38A-7AB6-47B7-AE2C-62EDAEF0E45A}
		{8679FB97-D9B7-4968-8E26-142050D2D8D3} = {61D9A38A-7AB6-47B7-AE2C-62EDAEF0E45A}
		{35143353-E965-45B9-B568-207A8DE345E9} = {7517E684-BF72-404C-B75E-9A750D6F87BC}
		{3260F335-65ED-4EDF-8503-F1D66DCF3FA7} = {7517E684-BF72-404C-B75E-9A750D6F87BC}
		{FE6F02E6-0352-4350-AC9A-13AA2279AB04} = {7517E684-BF72-404C-B75E-9A750D6F87BC}
		{4E630B08-F9AC-4EA9-96CB-04E6440570A4} = {7517E684-BF72-404C-B75E-9A750D6F87BC}
		{219737B7-A6E6-4383-8FFA-D3217BC5F9EF} = {7517E684-BF72-404C-B75E-9A750D6F87BC}
	EndGlobalSection
	GlobalSection(ExtensibilityGlobals) = postSolution
		SolutionGuid = {84434081-F42F-4449-B168-C41DA174C3E7}
	EndGlobalSection
EndGlobal
